
Microsoft Visual Studio Solution File, Format Version 12.00
# Visual Studio Version 17
VisualStudioVersion = 17.4.33213.308
MinimumVisualStudioVersion = 10.0.40219.1
Project("{FAE04EC0-301F-11D3-BF4B-00C04F79EFBC}") = "28.09", "28.09\28.09.csproj", "{8C5013AC-5E91-4FFD-AC3E-5A87E613A531}"
EndProject
Global
	GlobalSection(SolutionConfigurationPlatforms) = preSolution
		Debug|Any CPU = Debug|Any CPU
		Release|Any CPU = Release|Any CPU
	EndGlobalSection
	GlobalSection(ProjectConfigurationPlatforms) = postSolution
		{8C5013AC-5E91-4FFD-AC3E-5A87E613A531}.Debug|Any CPU.ActiveCfg = Debug|Any CPU
		{8C5013AC-5E91-4FFD-AC3E-5A87E613A531}.Debug|Any CPU.Build.0 = Debug|Any CPU
		{8C5013AC-5E91-4FFD-AC3E-5A87E613A531}.Release|Any CPU.ActiveCfg = Release|Any CPU
		{8C5013AC-5E91-4FFD-AC3E-5A87E613A531}.Release|Any CPU.Build.0 = Release|Any CPU
	EndGlobalSection
	GlobalSection(SolutionProperties) = preSolution
		HideSolutionNode = FALSE
	EndGlobalSection
	GlobalSection(ExtensibilityGlobals) = postSolution
		SolutionGuid = {6D67733E-34D4-4824-BA87-72F4437B7993}
	EndGlobalSection
EndGlobal
